
Microsoft Visual Studio Solution File, Format Version 12.00
Project("{FAE04EC0-301F-11D3-BF4B-00C04F79EFBC}") = "PFinance.Services.Identity.Api", "src\PFinance.Services.Identity.Api\PFinance.Services.Identity.Api.csproj", "{62722977-C845-4D3D-BDC6-9C7AA41BDAF7}"
EndProject
Project("{FAE04EC0-301F-11D3-BF4B-00C04F79EFBC}") = "PFinance.Services.Identity.Application", "src\PFinance.Services.Identity.Application\PFinance.Services.Identity.Application.csproj", "{01A8D987-8406-4594-BB95-DA268D41058C}"
EndProject
Project("{FAE04EC0-301F-11D3-BF4B-00C04F79EFBC}") = "PFinance.Services.Identity.Infrastructure", "src\PFinance.Services.Identity.Infrastructure\PFinance.Services.Identity.Infrastructure.csproj", "{BB5F34E0-0C49-4936-8F47-EFBB3FCF4F02}"
EndProject
Project("{FAE04EC0-301F-11D3-BF4B-00C04F79EFBC}") = "PFinance.Services.Identity.Domain", "src\PFinance.Services.Identity.Domain\PFinance.Services.Identity.Domain.csproj", "{9DEBD442-E86E-4A59-9C00-80C17D642590}"
EndProject
Project("{FAE04EC0-301F-11D3-BF4B-00C04F79EFBC}") = "PFinance.Services.Identity.Common", "src\PFinance.Services.Identity.Common\PFinance.Services.Identity.Common.csproj", "{40F2468D-3C43-4E51-B0EF-03B6EF7581F7}"
EndProject
Project("{FAE04EC0-301F-11D3-BF4B-00C04F79EFBC}") = "PFinance.Services.Identity.Test.Unit", "tests\PFinance.Services.Identity.Test.Unit\PFinance.Services.Identity.Test.Unit.csproj", "{09A789FD-3E39-4770-8CDB-A4DAE1A0B706}"
EndProject
Project("{FAE04EC0-301F-11D3-BF4B-00C04F79EFBC}") = "PFinance.Services.Identity.Tests.Integration", "tests\PFinance.Services.Identity.Tests.Integration\PFinance.Services.Identity.Tests.Integration.csproj", "{2E249D41-21B6-410F-BCC2-B673FF4824F7}"
EndProject
Project("{2150E333-8FDC-42A3-9474-1A3956D46DE8}") = "tests", "tests", "{B1CF9C6B-1972-4B4A-A5A2-A70036161053}"
EndProject
Project("{2150E333-8FDC-42A3-9474-1A3956D46DE8}") = "src", "src", "{00EB4A51-3AC2-48F0-B60F-43378204E89B}"
EndProject
Global
	GlobalSection(SolutionConfigurationPlatforms) = preSolution
		Debug|Any CPU = Debug|Any CPU
		Release|Any CPU = Release|Any CPU
	EndGlobalSection
	GlobalSection(ProjectConfigurationPlatforms) = postSolution
		{62722977-C845-4D3D-BDC6-9C7AA41BDAF7}.Debug|Any CPU.ActiveCfg = Debug|Any CPU
		{62722977-C845-4D3D-BDC6-9C7AA41BDAF7}.Debug|Any CPU.Build.0 = Debug|Any CPU
		{62722977-C845-4D3D-BDC6-9C7AA41BDAF7}.Release|Any CPU.ActiveCfg = Release|Any CPU
		{62722977-C845-4D3D-BDC6-9C7AA41BDAF7}.Release|Any CPU.Build.0 = Release|Any CPU
		{01A8D987-8406-4594-BB95-DA268D41058C}.Debug|Any CPU.ActiveCfg = Debug|Any CPU
		{01A8D987-8406-4594-BB95-DA268D41058C}.Debug|Any CPU.Build.0 = Debug|Any CPU
		{01A8D987-8406-4594-BB95-DA268D41058C}.Release|Any CPU.ActiveCfg = Release|Any CPU
		{01A8D987-8406-4594-BB95-DA268D41058C}.Release|Any CPU.Build.0 = Release|Any CPU
		{BB5F34E0-0C49-4936-8F47-EFBB3FCF4F02}.Debug|Any CPU.ActiveCfg = Debug|Any CPU
		{BB5F34E0-0C49-4936-8F47-EFBB3FCF4F02}.Debug|Any CPU.Build.0 = Debug|Any CPU
		{BB5F34E0-0C49-4936-8F47-EFBB3FCF4F02}.Release|Any CPU.ActiveCfg = Release|Any CPU
		{BB5F34E0-0C49-4936-8F47-EFBB3FCF4F02}.Release|Any CPU.Build.0 = Release|Any CPU
		{9DEBD442-E86E-4A59-9C00-80C17D642590}.Debug|Any CPU.ActiveCfg = Debug|Any CPU
		{9DEBD442-E86E-4A59-9C00-80C17D642590}.Debug|Any CPU.Build.0 = Debug|Any CPU
		{9DEBD442-E86E-4A59-9C00-80C17D642590}.Release|Any CPU.ActiveCfg = Release|Any CPU
		{9DEBD442-E86E-4A59-9C00-80C17D642590}.Release|Any CPU.Build.0 = Release|Any CPU
		{40F2468D-3C43-4E51-B0EF-03B6EF7581F7}.Debug|Any CPU.ActiveCfg = Debug|Any CPU
		{40F2468D-3C43-4E51-B0EF-03B6EF7581F7}.Debug|Any CPU.Build.0 = Debug|Any CPU
		{40F2468D-3C43-4E51-B0EF-03B6EF7581F7}.Release|Any CPU.ActiveCfg = Release|Any CPU
		{40F2468D-3C43-4E51-B0EF-03B6EF7581F7}.Release|Any CPU.Build.0 = Release|Any CPU
		{09A789FD-3E39-4770-8CDB-A4DAE1A0B706}.Debug|Any CPU.ActiveCfg = Debug|Any CPU
		{09A789FD-3E39-4770-8CDB-A4DAE1A0B706}.Debug|Any CPU.Build.0 = Debug|Any CPU
		{09A789FD-3E39-4770-8CDB-A4DAE1A0B706}.Release|Any CPU.ActiveCfg = Release|Any CPU
		{09A789FD-3E39-4770-8CDB-A4DAE1A0B706}.Release|Any CPU.Build.0 = Release|Any CPU
		{2E249D41-21B6-410F-BCC2-B673FF4824F7}.Debug|Any CPU.ActiveCfg = Debug|Any CPU
		{2E249D41-21B6-410F-BCC2-B673FF4824F7}.Debug|Any CPU.Build.0 = Debug|Any CPU
		{2E249D41-21B6-410F-BCC2-B673FF4824F7}.Release|Any CPU.ActiveCfg = Release|Any CPU
		{2E249D41-21B6-410F-BCC2-B673FF4824F7}.Release|Any CPU.Build.0 = Release|Any CPU
	EndGlobalSection
	GlobalSection(NestedProjects) = preSolution
		{09A789FD-3E39-4770-8CDB-A4DAE1A0B706} = {B1CF9C6B-1972-4B4A-A5A2-A70036161053}
		{2E249D41-21B6-410F-BCC2-B673FF4824F7} = {B1CF9C6B-1972-4B4A-A5A2-A70036161053}
		{62722977-C845-4D3D-BDC6-9C7AA41BDAF7} = {00EB4A51-3AC2-48F0-B60F-43378204E89B}
		{01A8D987-8406-4594-BB95-DA268D41058C} = {00EB4A51-3AC2-48F0-B60F-43378204E89B}
		{40F2468D-3C43-4E51-B0EF-03B6EF7581F7} = {00EB4A51-3AC2-48F0-B60F-43378204E89B}
		{9DEBD442-E86E-4A59-9C00-80C17D642590} = {00EB4A51-3AC2-48F0-B60F-43378204E89B}
		{BB5F34E0-0C49-4936-8F47-EFBB3FCF4F02} = {00EB4A51-3AC2-48F0-B60F-43378204E89B}
	EndGlobalSection
EndGlobal
